
Microsoft Visual Studio Solution File, Format Version 12.00
# Visual Studio Version 17
VisualStudioVersion = 17.0.31903.59
MinimumVisualStudioVersion = 10.0.40219.1
Project("{2150E333-8FDC-42A3-9474-1A3956D46DE8}") = "src", "src", "{827E0CD3-B72D-47B6-A68D-7590B98EB39B}"
EndProject
Project("{FAE04EC0-301F-11D3-BF4B-00C04F79EFBC}") = "Cyclotron.Core", "src\Cyclotron.Core\Cyclotron.Core.csproj", "{A9328239-9F45-4158-A0CF-4AB7129AC3A1}"
EndProject
Project("{FAE04EC0-301F-11D3-BF4B-00C04F79EFBC}") = "Cyclotron.Server", "src\Cyclotron.Server\Cyclotron.Server.csproj", "{812C17BF-F68A-49B9-B21C-9F35C06B3846}"
EndProject
Project("{2150E333-8FDC-42A3-9474-1A3956D46DE8}") = "tests", "tests", "{0AB3BF05-4346-4AA6-1389-037BE0695223}"
EndProject
Project("{FAE04EC0-301F-11D3-BF4B-00C04F79EFBC}") = "Cyclotron.Tests", "tests\Cyclotron.Tests\Cyclotron.Tests.csproj", "{3D70F92A-236C-4385-9611-382DC5013BEC}"
EndProject
Project("{2150E333-8FDC-42A3-9474-1A3956D46DE8}") = "samples", "samples", "{5D20AA90-6969-D8BD-9DCD-8634F4692FDA}"
EndProject
Project("{FAE04EC0-301F-11D3-BF4B-00C04F79EFBC}") = "SampleCodebase", "samples\SampleCodebase\SampleCodebase.csproj", "{47D21AE7-352F-4383-81DD-A6608BF93174}"
EndProject
Global
	GlobalSection(SolutionConfigurationPlatforms) = preSolution
		Debug|Any CPU = Debug|Any CPU
		Debug|x64 = Debug|x64
		Debug|x86 = Debug|x86
		Release|Any CPU = Release|Any CPU
		Release|x64 = Release|x64
		Release|x86 = Release|x86
	EndGlobalSection
	GlobalSection(ProjectConfigurationPlatforms) = postSolution
		{A9328239-9F45-4158-A0CF-4AB7129AC3A1}.Debug|Any CPU.ActiveCfg = Debug|Any CPU
		{A9328239-9F45-4158-A0CF-4AB7129AC3A1}.Debug|Any CPU.Build.0 = Debug|Any CPU
		{A9328239-9F45-4158-A0CF-4AB7129AC3A1}.Debug|x64.ActiveCfg = Debug|Any CPU
		{A9328239-9F45-4158-A0CF-4AB7129AC3A1}.Debug|x64.Build.0 = Debug|Any CPU
		{A9328239-9F45-4158-A0CF-4AB7129AC3A1}.Debug|x86.ActiveCfg = Debug|Any CPU
		{A9328239-9F45-4158-A0CF-4AB7129AC3A1}.Debug|x86.Build.0 = Debug|Any CPU
		{A9328239-9F45-4158-A0CF-4AB7129AC3A1}.Release|Any CPU.ActiveCfg = Release|Any CPU
		{A9328239-9F45-4158-A0CF-4AB7129AC3A1}.Release|Any CPU.Build.0 = Release|Any CPU
		{A9328239-9F45-4158-A0CF-4AB7129AC3A1}.Release|x64.ActiveCfg = Release|Any CPU
		{A9328239-9F45-4158-A0CF-4AB7129AC3A1}.Release|x64.Build.0 = Release|Any CPU
		{A9328239-9F45-4158-A0CF-4AB7129AC3A1}.Release|x86.ActiveCfg = Release|Any CPU
		{A9328239-9F45-4158-A0CF-4AB7129AC3A1}.Release|x86.Build.0 = Release|Any CPU
		{812C17BF-F68A-49B9-B21C-9F35C06B3846}.Debug|Any CPU.ActiveCfg = Debug|Any CPU
		{812C17BF-F68A-49B9-B21C-9F35C06B3846}.Debug|Any CPU.Build.0 = Debug|Any CPU
		{812C17BF-F68A-49B9-B21C-9F35C06B3846}.Debug|x64.ActiveCfg = Debug|Any CPU
		{812C17BF-F68A-49B9-B21C-9F35C06B3846}.Debug|x64.Build.0 = Debug|Any CPU
		{812C17BF-F68A-49B9-B21C-9F35C06B3846}.Debug|x86.ActiveCfg = Debug|Any CPU
		{812C17BF-F68A-49B9-B21C-9F35C06B3846}.Debug|x86.Build.0 = Debug|Any CPU
		{812C17BF-F68A-49B9-B21C-9F35C06B3846}.Release|Any CPU.ActiveCfg = Release|Any CPU
		{812C17BF-F68A-49B9-B21C-9F35C06B3846}.Release|Any CPU.Build.0 = Release|Any CPU
		{812C17BF-F68A-49B9-B21C-9F35C06B3846}.Release|x64.ActiveCfg = Release|Any CPU
		{812C17BF-F68A-49B9-B21C-9F35C06B3846}.Release|x64.Build.0 = Release|Any CPU
		{812C17BF-F68A-49B9-B21C-9F35C06B3846}.Release|x86.ActiveCfg = Release|Any CPU
		{812C17BF-F68A-49B9-B21C-9F35C06B3846}.Release|x86.Build.0 = Release|Any CPU
		{3D70F92A-236C-4385-9611-382DC5013BEC}.Debug|Any CPU.ActiveCfg = Debug|Any CPU
		{3D70F92A-236C-4385-9611-382DC5013BEC}.Debug|Any CPU.Build.0 = Debug|Any CPU
		{3D70F92A-236C-4385-9611-382DC5013BEC}.Debug|x64.ActiveCfg = Debug|Any CPU
		{3D70F92A-236C-4385-9611-382DC5013BEC}.Debug|x64.Build.0 = Debug|Any CPU
		{3D70F92A-236C-4385-9611-382DC5013BEC}.Debug|x86.ActiveCfg = Debug|Any CPU
		{3D70F92A-236C-4385-9611-382DC5013BEC}.Debug|x86.Build.0 = Debug|Any CPU
		{3D70F92A-236C-4385-9611-382DC5013BEC}.Release|Any CPU.ActiveCfg = Release|Any CPU
		{3D70F92A-236C-4385-9611-382DC5013BEC}.Release|Any CPU.Build.0 = Release|Any CPU
		{3D70F92A-236C-4385-9611-382DC5013BEC}.Release|x64.ActiveCfg = Release|Any CPU
		{3D70F92A-236C-4385-9611-382DC5013BEC}.Release|x64.Build.0 = Release|Any CPU
		{3D70F92A-236C-4385-9611-382DC5013BEC}.Release|x86.ActiveCfg = Release|Any CPU
		{3D70F92A-236C-4385-9611-382DC5013BEC}.Release|x86.Build.0 = Release|Any CPU
		{47D21AE7-352F-4383-81DD-A6608BF93174}.Debug|Any CPU.ActiveCfg = Debug|Any CPU
		{47D21AE7-352F-4383-81DD-A6608BF93174}.Debug|Any CPU.Build.0 = Debug|Any CPU
		{47D21AE7-352F-4383-81DD-A6608BF93174}.Debug|x64.ActiveCfg = Debug|Any CPU
		{47D21AE7-352F-4383-81DD-A6608BF93174}.Debug|x64.Build.0 = Debug|Any CPU
		{47D21AE7-352F-4383-81DD-A6608BF93174}.Debug|x86.ActiveCfg = Debug|Any CPU
		{47D21AE7-352F-4383-81DD-A6608BF93174}.Debug|x86.Build.0 = Debug|Any CPU
		{47D21AE7-352F-4383-81DD-A6608BF93174}.Release|Any CPU.ActiveCfg = Release|Any CPU
		{47D21AE7-352F-4383-81DD-A6608BF93174}.Release|Any CPU.Build.0 = Release|Any CPU
		{47D21AE7-352F-4383-81DD-A6608BF93174}.Release|x64.ActiveCfg = Release|Any CPU
		{47D21AE7-352F-4383-81DD-A6608BF93174}.Release|x64.Build.0 = Release|Any CPU
		{47D21AE7-352F-4383-81DD-A6608BF93174}.Release|x86.ActiveCfg = Release|Any CPU
		{47D21AE7-352F-4383-81DD-A6608BF93174}.Release|x86.Build.0 = Release|Any CPU
	EndGlobalSection
	GlobalSection(SolutionProperties) = preSolution
		HideSolutionNode = FALSE
	EndGlobalSection
	GlobalSection(NestedProjects) = preSolution
		{A9328239-9F45-4158-A0CF-4AB7129AC3A1} = {827E0CD3-B72D-47B6-A68D-7590B98EB39B}
		{812C17BF-F68A-49B9-B21C-9F35C06B3846} = {827E0CD3-B72D-47B6-A68D-7590B98EB39B}
		{3D70F92A-236C-4385-9611-382DC5013BEC} = {0AB3BF05-4346-4AA6-1389-037BE0695223}
		{47D21AE7-352F-4383-81DD-A6608BF93174} = {5D20AA90-6969-D8BD-9DCD-8634F4692FDA}
	EndGlobalSection
EndGlobal
